# This file is autogenerated, do not edit; changes may be undone by the next 'dep ensure'.


[[projects]]
  digest = "1:95228f0b554a6049b807ad87bd658b646886883bf024f4eceb46c6718a03d7ed"
  name = "github.com/fiorix/wsdl2go"
  packages = ["soap"]
  pruneopts = "UT"
  revision = "57713bd6b8f5601000fca5e518a5013c4afbfae0"
  version = "v1.4.6"

[solve-meta]
  analyzer-name = "dep"
  analyzer-version = 1
  input-imports = ["github.com/fiorix/wsdl2go/soap"]
  solver-name = "gps-cdcl"
  solver-version = 1
